{
 "profile_host": "[settings]\narch=x86_64\narch_build=x86_64\nbuild_type=Release\ncompiler=gcc\ncompiler.libcxx=libstdc++\ncompiler.version=9\nos=Linux\nos_build=Linux\n[options]\n[build_requires]\n[env]\n",
 "graph_lock": {
  "nodes": {
   "0": {
    "pref": null,
    "options": "",
    "requires": [
     "1"
    ],
    "path": "/home/saeruhikari/Coding/SakuraEngine/SakuraEngine/Conan/conanfile.txt"
   },
   "1": {
    "pref": "eigen/3.3.7@conan/stable#0:5ab84d6acfe1f23c4fae0ab88f26e3a396351ac9#0",
    "options": ""
   }
  }
 },
 "version": "0.3"
}